
Microsoft Visual Studio Solution File, Format Version 12.00
# Visual Studio 15
VisualStudioVersion = 15.0.28010.2019
MinimumVisualStudioVersion = 10.0.40219.1
Project("{FAE04EC0-301F-11D3-BF4B-00C04F79EFBC}") = "DynamicExcelRead", "DynamicExcelRead\DynamicExcelRead.csproj", "{242427C9-4458-4D2C-A221-7B36643EBCDE}"
EndProject
Global
	GlobalSection(SolutionConfigurationPlatforms) = preSolution
		Debug|Any CPU = Debug|Any CPU
		Release|Any CPU = Release|Any CPU
	EndGlobalSection
	GlobalSection(ProjectConfigurationPlatforms) = postSolution
		{242427C9-4458-4D2C-A221-7B36643EBCDE}.Debug|Any CPU.ActiveCfg = Debug|Any CPU
		{242427C9-4458-4D2C-A221-7B36643EBCDE}.Debug|Any CPU.Build.0 = Debug|Any CPU
		{242427C9-4458-4D2C-A221-7B36643EBCDE}.Release|Any CPU.ActiveCfg = Release|Any CPU
		{242427C9-4458-4D2C-A221-7B36643EBCDE}.Release|Any CPU.Build.0 = Release|Any CPU
	EndGlobalSection
	GlobalSection(SolutionProperties) = preSolution
		HideSolutionNode = FALSE
	EndGlobalSection
	GlobalSection(ExtensibilityGlobals) = postSolution
		SolutionGuid = {8842D4D9-EB7B-4E56-A309-F7F1A0B80E00}
	EndGlobalSection
EndGlobal
